
Microsoft Visual Studio Solution File, Format Version 12.00
# Visual Studio 15
VisualStudioVersion = 15.0.26124.0
MinimumVisualStudioVersion = 15.0.26124.0
Project("{FAE04EC0-301F-11D3-BF4B-00C04F79EFBC}") = "AuthService", "AuthService\AuthService.csproj", "{A0B63004-7DE5-4C29-8A89-C08CF833402F}"
EndProject
Project("{FAE04EC0-301F-11D3-BF4B-00C04F79EFBC}") = "Api", "Api\Api.csproj", "{DB3DDEB9-2170-4A0B-8D52-C939BC2185FE}"
EndProject
Global
	GlobalSection(SolutionConfigurationPlatforms) = preSolution
		Debug|Any CPU = Debug|Any CPU
		Debug|x64 = Debug|x64
		Debug|x86 = Debug|x86
		Release|Any CPU = Release|Any CPU
		Release|x64 = Release|x64
		Release|x86 = Release|x86
	EndGlobalSection
	GlobalSection(SolutionProperties) = preSolution
		HideSolutionNode = FALSE
	EndGlobalSection
	GlobalSection(ProjectConfigurationPlatforms) = postSolution
		{A0B63004-7DE5-4C29-8A89-C08CF833402F}.Debug|Any CPU.ActiveCfg = Debug|Any CPU
		{A0B63004-7DE5-4C29-8A89-C08CF833402F}.Debug|Any CPU.Build.0 = Debug|Any CPU
		{A0B63004-7DE5-4C29-8A89-C08CF833402F}.Debug|x64.ActiveCfg = Debug|Any CPU
		{A0B63004-7DE5-4C29-8A89-C08CF833402F}.Debug|x64.Build.0 = Debug|Any CPU
		{A0B63004-7DE5-4C29-8A89-C08CF833402F}.Debug|x86.ActiveCfg = Debug|Any CPU
		{A0B63004-7DE5-4C29-8A89-C08CF833402F}.Debug|x86.Build.0 = Debug|Any CPU
		{A0B63004-7DE5-4C29-8A89-C08CF833402F}.Release|Any CPU.ActiveCfg = Release|Any CPU
		{A0B63004-7DE5-4C29-8A89-C08CF833402F}.Release|Any CPU.Build.0 = Release|Any CPU
		{A0B63004-7DE5-4C29-8A89-C08CF833402F}.Release|x64.ActiveCfg = Release|Any CPU
		{A0B63004-7DE5-4C29-8A89-C08CF833402F}.Release|x64.Build.0 = Release|Any CPU
		{A0B63004-7DE5-4C29-8A89-C08CF833402F}.Release|x86.ActiveCfg = Release|Any CPU
		{A0B63004-7DE5-4C29-8A89-C08CF833402F}.Release|x86.Build.0 = Release|Any CPU
		{DB3DDEB9-2170-4A0B-8D52-C939BC2185FE}.Debug|Any CPU.ActiveCfg = Debug|Any CPU
		{DB3DDEB9-2170-4A0B-8D52-C939BC2185FE}.Debug|Any CPU.Build.0 = Debug|Any CPU
		{DB3DDEB9-2170-4A0B-8D52-C939BC2185FE}.Debug|x64.ActiveCfg = Debug|Any CPU
		{DB3DDEB9-2170-4A0B-8D52-C939BC2185FE}.Debug|x64.Build.0 = Debug|Any CPU
		{DB3DDEB9-2170-4A0B-8D52-C939BC2185FE}.Debug|x86.ActiveCfg = Debug|Any CPU
		{DB3DDEB9-2170-4A0B-8D52-C939BC2185FE}.Debug|x86.Build.0 = Debug|Any CPU
		{DB3DDEB9-2170-4A0B-8D52-C939BC2185FE}.Release|Any CPU.ActiveCfg = Release|Any CPU
		{DB3DDEB9-2170-4A0B-8D52-C939BC2185FE}.Release|Any CPU.Build.0 = Release|Any CPU
		{DB3DDEB9-2170-4A0B-8D52-C939BC2185FE}.Release|x64.ActiveCfg = Release|Any CPU
		{DB3DDEB9-2170-4A0B-8D52-C939BC2185FE}.Release|x64.Build.0 = Release|Any CPU
		{DB3DDEB9-2170-4A0B-8D52-C939BC2185FE}.Release|x86.ActiveCfg = Release|Any CPU
		{DB3DDEB9-2170-4A0B-8D52-C939BC2185FE}.Release|x86.Build.0 = Release|Any CPU
	EndGlobalSection
EndGlobal
